
Microsoft Visual Studio Solution File, Format Version 12.00
# Visual Studio Version 17
VisualStudioVersion = 17.11.35327.3
MinimumVisualStudioVersion = 10.0.40219.1
Project("{FAE04EC0-301F-11D3-BF4B-00C04F79EFBC}") = "AutoUpdate_GDrive", "AutoUpdate_GDrive\AutoUpdate_GDrive.csproj", "{D3CC8FD2-55A0-42A7-89BB-8094D4145F4D}"
EndProject
Global
	GlobalSection(SolutionConfigurationPlatforms) = preSolution
		Debug|Any CPU = Debug|Any CPU
		Release|Any CPU = Release|Any CPU
	EndGlobalSection
	GlobalSection(ProjectConfigurationPlatforms) = postSolution
		{D3CC8FD2-55A0-42A7-89BB-8094D4145F4D}.Debug|Any CPU.ActiveCfg = Debug|Any CPU
		{D3CC8FD2-55A0-42A7-89BB-8094D4145F4D}.Debug|Any CPU.Build.0 = Debug|Any CPU
		{D3CC8FD2-55A0-42A7-89BB-8094D4145F4D}.Release|Any CPU.ActiveCfg = Release|Any CPU
		{D3CC8FD2-55A0-42A7-89BB-8094D4145F4D}.Release|Any CPU.Build.0 = Release|Any CPU
	EndGlobalSection
	GlobalSection(SolutionProperties) = preSolution
		HideSolutionNode = FALSE
	EndGlobalSection
	GlobalSection(ExtensibilityGlobals) = postSolution
		SolutionGuid = {C9089DBF-33AD-40FE-8398-D8436A1E527B}
	EndGlobalSection
EndGlobal
